
Microsoft Visual Studio Solution File, Format Version 12.00
# Visual Studio Version 16
VisualStudioVersion = 16.0.30804.86
MinimumVisualStudioVersion = 10.0.40219.1
Project("{9A19103F-16F7-4668-BE54-9A1E7A4F7556}") = "ShinenginePlus", "ShinenginePlus\ShinenginePlus.csproj", "{D389008E-F9E3-4AAD-ABF8-48D0FE388855}"
EndProject
Global
	GlobalSection(SolutionConfigurationPlatforms) = preSolution
		Debug|Any CPU = Debug|Any CPU
		Release|Any CPU = Release|Any CPU
	EndGlobalSection
	GlobalSection(ProjectConfigurationPlatforms) = postSolution
		{D389008E-F9E3-4AAD-ABF8-48D0FE388855}.Debug|Any CPU.ActiveCfg = Debug|Any CPU
		{D389008E-F9E3-4AAD-ABF8-48D0FE388855}.Debug|Any CPU.Build.0 = Debug|Any CPU
		{D389008E-F9E3-4AAD-ABF8-48D0FE388855}.Release|Any CPU.ActiveCfg = Release|Any CPU
		{D389008E-F9E3-4AAD-ABF8-48D0FE388855}.Release|Any CPU.Build.0 = Release|Any CPU
	EndGlobalSection
	GlobalSection(SolutionProperties) = preSolution
		HideSolutionNode = FALSE
	EndGlobalSection
	GlobalSection(ExtensibilityGlobals) = postSolution
		SolutionGuid = {5163B18D-DD3D-4E4C-A7F3-79CA67C1DC0D}
	EndGlobalSection
EndGlobal
